
Microsoft Visual Studio Solution File, Format Version 12.00
# Visual Studio Version 17
VisualStudioVersion = 17.6.33815.320
MinimumVisualStudioVersion = 10.0.40219.1
Project("{FAE04EC0-301F-11D3-BF4B-00C04F79EFBC}") = "1projetoWF", "1projetoWF.csproj", "{380EA744-10C4-4AE4-B261-D894D32B756E}"
EndProject
Global
	GlobalSection(SolutionConfigurationPlatforms) = preSolution
		Debug|Any CPU = Debug|Any CPU
		Release|Any CPU = Release|Any CPU
	EndGlobalSection
	GlobalSection(ProjectConfigurationPlatforms) = postSolution
		{380EA744-10C4-4AE4-B261-D894D32B756E}.Debug|Any CPU.ActiveCfg = Debug|Any CPU
		{380EA744-10C4-4AE4-B261-D894D32B756E}.Debug|Any CPU.Build.0 = Debug|Any CPU
		{380EA744-10C4-4AE4-B261-D894D32B756E}.Release|Any CPU.ActiveCfg = Release|Any CPU
		{380EA744-10C4-4AE4-B261-D894D32B756E}.Release|Any CPU.Build.0 = Release|Any CPU
	EndGlobalSection
	GlobalSection(SolutionProperties) = preSolution
		HideSolutionNode = FALSE
	EndGlobalSection
	GlobalSection(ExtensibilityGlobals) = postSolution
		SolutionGuid = {2C3E8E03-F353-42B0-8532-891B245045D1}
	EndGlobalSection
EndGlobal
